{
  "name": "diff",
  "version": "1.0.0",
  "lockfileVersion": 1,
  "dependencies": {
    "deep-object-diff": {
      "version": "1.0.3",
      "resolved": "https://registry.npmjs.org/deep-object-diff/-/deep-object-diff-1.0.3.tgz",
      "integrity": "sha1-3IS1O4lELpoKgZW7OLMl0S0gXyo="
    },
    "lodash": {
      "version": "4.17.4",
      "resolved": "https://registry.npmjs.org/lodash/-/lodash-4.17.4.tgz",
      "integrity": "sha1-eCA6TRwyiuHYbcpkYONptX9AVa4="
    },
    "object-diff": {
      "version": "0.0.4",
      "resolved": "https://registry.npmjs.org/object-diff/-/object-diff-0.0.4.tgz",
      "integrity": "sha1-2IOwRE/o/W4E5ZXXu2ZWgskWBH8="
    }
  }
}
